{
  "name": "babel-test",
  "version": "1.0.0",
  "lockfileVersion": 1,
  "requires": true,
  "dependencies": {
    "@babel/helper-module-imports": {
      "version": "7.10.4",
      "resolved": "https://registry.npm.taobao.org/@babel/helper-module-imports/download/@babel/helper-module-imports-7.10.4.tgz?cache=0&sync_timestamp=1593522826853&other_urls=https%3A%2F%2Fregistry.npm.taobao.org%2F%40babel%2Fhelper-module-imports%2Fdownload%2F%40babel%2Fhelper-module-imports-7.10.4.tgz",
      "integrity": "sha1-TFxUvgS9MWcKc4J5fXW5+i5bViA=",
      "dev": true,
      "requires": {
        "@babel/types": "^7.10.4"
      }
    },
    "@babel/helper-plugin-utils": {
      "version": "7.10.4",
      "resolved": "https://registry.npm.taobao.org/@babel/helper-plugin-utils/download/@babel/helper-plugin-utils-7.10.4.tgz?cache=0&sync_timestamp=1593521089859&other_urls=https%3A%2F%2Fregistry.npm.taobao.org%2F%40babel%2Fhelper-plugin-utils%2Fdownload%2F%40babel%2Fhelper-plugin-utils-7.10.4.tgz",
      "integrity": "sha1-L3WoMSadT2d95JmG3/WZJ1M883U=",
      "dev": true
    },
    "@babel/helper-validator-identifier": {
      "version": "7.10.4",
      "resolved": "https://registry.npm.taobao.org/@babel/helper-validator-identifier/download/@babel/helper-validator-identifier-7.10.4.tgz",
      "integrity": "sha1-p4x6clHgH2FlEtMbEK3PUq2l4NI=",
      "dev": true
    },
    "@babel/plugin-transform-runtime": {
      "version": "7.10.4",
      "resolved": "https://registry.npm.taobao.org/@babel/plugin-transform-runtime/download/@babel/plugin-transform-runtime-7.10.4.tgz",
      "integrity": "sha1-WU+1NFPqG28HeczrSM4HGKRH/rc=",
      "dev": true,
      "requires": {
        "@babel/helper-module-imports": "^7.10.4",
        "@babel/helper-plugin-utils": "^7.10.4",
        "resolve": "^1.8.1",
        "semver": "^5.5.1"
      }
    },
    "@babel/types": {
      "version": "7.10.4",
      "resolved": "https://registry.npm.taobao.org/@babel/types/download/@babel/types-7.10.4.tgz?cache=0&sync_timestamp=1593521127134&other_urls=https%3A%2F%2Fregistry.npm.taobao.org%2F%40babel%2Ftypes%2Fdownload%2F%40babel%2Ftypes-7.10.4.tgz",
      "integrity": "sha1-NpUXGINS4YIZmB79FWv9sZn/8e4=",
      "dev": true,
      "requires": {
        "@babel/helper-validator-identifier": "^7.10.4",
        "lodash": "^4.17.13",
        "to-fast-properties": "^2.0.0"
      }
    },
    "lodash": {
      "version": "4.17.15",
      "resolved": "https://registry.npm.taobao.org/lodash/download/lodash-4.17.15.tgz",
      "integrity": "sha1-tEf2ZwoEVbv+7dETku/zMOoJdUg=",
      "dev": true
    },
    "path-parse": {
      "version": "1.0.6",
      "resolved": "https://registry.npm.taobao.org/path-parse/download/path-parse-1.0.6.tgz",
      "integrity": "sha1-1i27VnlAXXLEc37FhgDp3c8G0kw=",
      "dev": true
    },
    "resolve": {
      "version": "1.17.0",
      "resolved": "https://registry.npm.taobao.org/resolve/download/resolve-1.17.0.tgz",
      "integrity": "sha1-sllBtUloIxzC0bt2p5y38sC/hEQ=",
      "dev": true,
      "requires": {
        "path-parse": "^1.0.6"
      }
    },
    "semver": {
      "version": "5.7.1",
      "resolved": "https://registry.npm.taobao.org/semver/download/semver-5.7.1.tgz?cache=0&sync_timestamp=1587903571112&other_urls=https%3A%2F%2Fregistry.npm.taobao.org%2Fsemver%2Fdownload%2Fsemver-5.7.1.tgz",
      "integrity": "sha1-qVT5Ma66UI0we78Gnv8MAclhFvc=",
      "dev": true
    },
    "to-fast-properties": {
      "version": "2.0.0",
      "resolved": "https://registry.npm.taobao.org/to-fast-properties/download/to-fast-properties-2.0.0.tgz",
      "integrity": "sha1-3F5pjL0HkmW8c+A3doGk5Og/YW4=",
      "dev": true
    }
  }
}
